// !$*UTF8*$!
{
	archiveVersion = 1;
	classes = {
	};
	objectVersion = 56;
	objects = {

/* Begin PBXBuildFile section */
		4F95190E2B7BA0D7005ADB80 /* AppDelegate.mm in Sources */ = {isa = PBXBuildFile; fileRef = 4F95190D2B7BA0D7005ADB80 /* AppDelegate.mm */; };
		4F9519112B7BA0D7005ADB80 /* SceneDelegate.mm in Sources */ = {isa = PBXBuildFile; fileRef = 4F9519102B7BA0D7005ADB80 /* SceneDelegate.mm */; };
		4F9519142B7BA0D7005ADB80 /* ViewController.mm in Sources */ = {isa = PBXBuildFile; fileRef = 4F9519132B7BA0D7005ADB80 /* ViewController.mm */; };
		4F9519192B7BA0D8005ADB80 /* Assets.xcassets in Resources */ = {isa = PBXBuildFile; fileRef = 4F9519182B7BA0D8005ADB80 /* Assets.xcassets */; };
		4F95191C2B7BA0D8005ADB80 /* Base in Resources */ = {isa = PBXBuildFile; fileRef = 4F95191B2B7BA0D8005ADB80 /* Base */; };
		4F95191F2B7BA0D8005ADB80 /* main.mm in Sources */ = {isa = PBXBuildFile; fileRef = 4F95191E2B7BA0D8005ADB80 /* main.mm */; };
		4F9519272B7BA117005ADB80 /* UIKit.framework in Frameworks */ = {isa = PBXBuildFile; fileRef = 4F9519262B7BA117005ADB80 /* UIKit.framework */; };
		4F9519292B7BA11B005ADB80 /* QuartzCore.framework in Frameworks */ = {isa = PBXBuildFile; fileRef = 4F9519282B7BA11B005ADB80 /* QuartzCore.framework */; };
		4F95192B2B7BA11E005ADB80 /* CoreGraphics.framework in Frameworks */ = {isa = PBXBuildFile; fileRef = 4F95192A2B7BA11E005ADB80 /* CoreGraphics.framework */; };
		4F95192D2B7BA121005ADB80 /* CoreImage.framework in Frameworks */ = {isa = PBXBuildFile; fileRef = 4F95192C2B7BA121005ADB80 /* CoreImage.framework */; };
		4F9519302B7BA235005ADB80 /* BPImageView.mm in Sources */ = {isa = PBXBuildFile; fileRef = 4F95192F2B7BA235005ADB80 /* BPImageView.mm */; };
		4F9519352B7BA3AF005ADB80 /* _BPImageViewLayerDelegate.mm in Sources */ = {isa = PBXBuildFile; fileRef = 4F9519342B7BA3AF005ADB80 /* _BPImageViewLayerDelegate.mm */; };
		4F9519372B7BA8AF005ADB80 /* image.png in Resources */ = {isa = PBXBuildFile; fileRef = 4F9519362B7BA8AF005ADB80 /* image.png */; };
/* End PBXBuildFile section */

/* Begin PBXFileReference section */
		4F9519092B7BA0D7005ADB80 /* BRLayer.app */ = {isa = PBXFileReference; explicitFileType = wrapper.application; includeInIndex = 0; path = BRLayer.app; sourceTree = BUILT_PRODUCTS_DIR; };
		4F95190C2B7BA0D7005ADB80 /* AppDelegate.hpp */ = {isa = PBXFileReference; lastKnownFileType = sourcecode.cpp.h; path = AppDelegate.hpp; sourceTree = "<group>"; };
		4F95190D2B7BA0D7005ADB80 /* AppDelegate.mm */ = {isa = PBXFileReference; lastKnownFileType = sourcecode.cpp.objcpp; path = AppDelegate.mm; sourceTree = "<group>"; };
		4F95190F2B7BA0D7005ADB80 /* SceneDelegate.hpp */ = {isa = PBXFileReference; lastKnownFileType = sourcecode.cpp.h; path = SceneDelegate.hpp; sourceTree = "<group>"; };
		4F9519102B7BA0D7005ADB80 /* SceneDelegate.mm */ = {isa = PBXFileReference; lastKnownFileType = sourcecode.cpp.objcpp; path = SceneDelegate.mm; sourceTree = "<group>"; };
		4F9519122B7BA0D7005ADB80 /* ViewController.hpp */ = {isa = PBXFileReference; lastKnownFileType = sourcecode.cpp.h; path = ViewController.hpp; sourceTree = "<group>"; };
		4F9519132B7BA0D7005ADB80 /* ViewController.mm */ = {isa = PBXFileReference; lastKnownFileType = sourcecode.cpp.objcpp; path = ViewController.mm; sourceTree = "<group>"; };
		4F9519182B7BA0D8005ADB80 /* Assets.xcassets */ = {isa = PBXFileReference; lastKnownFileType = folder.assetcatalog; path = Assets.xcassets; sourceTree = "<group>"; };
		4F95191B2B7BA0D8005ADB80 /* Base */ = {isa = PBXFileReference; lastKnownFileType = file.storyboard; name = Base; path = Base.lproj/LaunchScreen.storyboard; sourceTree = "<group>"; };
		4F95191D2B7BA0D8005ADB80 /* Info.plist */ = {isa = PBXFileReference; lastKnownFileType = text.plist.xml; path = Info.plist; sourceTree = "<group>"; };
		4F95191E2B7BA0D8005ADB80 /* main.mm */ = {isa = PBXFileReference; lastKnownFileType = sourcecode.cpp.objcpp; path = main.mm; sourceTree = "<group>"; };
		4F9519262B7BA117005ADB80 /* UIKit.framework */ = {isa = PBXFileReference; lastKnownFileType = wrapper.framework; name = UIKit.framework; path = System/Library/Frameworks/UIKit.framework; sourceTree = SDKROOT; };
		4F9519282B7BA11B005ADB80 /* QuartzCore.framework */ = {isa = PBXFileReference; lastKnownFileType = wrapper.framework; name = QuartzCore.framework; path = System/Library/Frameworks/QuartzCore.framework; sourceTree = SDKROOT; };
		4F95192A2B7BA11E005ADB80 /* CoreGraphics.framework */ = {isa = PBXFileReference; lastKnownFileType = wrapper.framework; name = CoreGraphics.framework; path = System/Library/Frameworks/CoreGraphics.framework; sourceTree = SDKROOT; };
		4F95192C2B7BA121005ADB80 /* CoreImage.framework */ = {isa = PBXFileReference; lastKnownFileType = wrapper.framework; name = CoreImage.framework; path = System/Library/Frameworks/CoreImage.framework; sourceTree = SDKROOT; };
		4F95192E2B7BA235005ADB80 /* BPImageView.hpp */ = {isa = PBXFileReference; lastKnownFileType = sourcecode.cpp.h; path = BPImageView.hpp; sourceTree = "<group>"; };
		4F95192F2B7BA235005ADB80 /* BPImageView.mm */ = {isa = PBXFileReference; lastKnownFileType = sourcecode.cpp.objcpp; path = BPImageView.mm; sourceTree = "<group>"; };
		4F9519332B7BA3AF005ADB80 /* _BPImageViewLayerDelegate.hpp */ = {isa = PBXFileReference; lastKnownFileType = sourcecode.cpp.h; path = _BPImageViewLayerDelegate.hpp; sourceTree = "<group>"; };
		4F9519342B7BA3AF005ADB80 /* _BPImageViewLayerDelegate.mm */ = {isa = PBXFileReference; lastKnownFileType = sourcecode.cpp.objcpp; path = _BPImageViewLayerDelegate.mm; sourceTree = "<group>"; };
		4F9519362B7BA8AF005ADB80 /* image.png */ = {isa = PBXFileReference; lastKnownFileType = image.png; path = image.png; sourceTree = "<group>"; };
		4F9519382B7BC34A005ADB80 /* BRLayer.entitlements */ = {isa = PBXFileReference; lastKnownFileType = text.plist.entitlements; path = BRLayer.entitlements; sourceTree = "<group>"; };
/* End PBXFileReference section */

/* Begin PBXFrameworksBuildPhase section */
		4F9519062B7BA0D7005ADB80 /* Frameworks */ = {
			isa = PBXFrameworksBuildPhase;
			buildActionMask = 2147483647;
			files = (
				4F95192B2B7BA11E005ADB80 /* CoreGraphics.framework in Frameworks */,
				4F9519292B7BA11B005ADB80 /* QuartzCore.framework in Frameworks */,
				4F9519272B7BA117005ADB80 /* UIKit.framework in Frameworks */,
				4F95192D2B7BA121005ADB80 /* CoreImage.framework in Frameworks */,
			);
			runOnlyForDeploymentPostprocessing = 0;
		};
/* End PBXFrameworksBuildPhase section */

/* Begin PBXGroup section */
		4F9519002B7BA0D7005ADB80 = {
			isa = PBXGroup;
			children = (
				4F95190B2B7BA0D7005ADB80 /* BRLayer */,
				4F95190A2B7BA0D7005ADB80 /* Products */,
				4F9519252B7BA117005ADB80 /* Frameworks */,
			);
			sourceTree = "<group>";
		};
		4F95190A2B7BA0D7005ADB80 /* Products */ = {
			isa = PBXGroup;
			children = (
				4F9519092B7BA0D7005ADB80 /* BRLayer.app */,
			);
			name = Products;
			sourceTree = "<group>";
		};
		4F95190B2B7BA0D7005ADB80 /* BRLayer */ = {
			isa = PBXGroup;
			children = (
				4F9519382B7BC34A005ADB80 /* BRLayer.entitlements */,
				4F95190C2B7BA0D7005ADB80 /* AppDelegate.hpp */,
				4F95190D2B7BA0D7005ADB80 /* AppDelegate.mm */,
				4F95190F2B7BA0D7005ADB80 /* SceneDelegate.hpp */,
				4F9519102B7BA0D7005ADB80 /* SceneDelegate.mm */,
				4F9519122B7BA0D7005ADB80 /* ViewController.hpp */,
				4F9519132B7BA0D7005ADB80 /* ViewController.mm */,
				4F95192E2B7BA235005ADB80 /* BPImageView.hpp */,
				4F95192F2B7BA235005ADB80 /* BPImageView.mm */,
				4F9519332B7BA3AF005ADB80 /* _BPImageViewLayerDelegate.hpp */,
				4F9519342B7BA3AF005ADB80 /* _BPImageViewLayerDelegate.mm */,
				4F9519182B7BA0D8005ADB80 /* Assets.xcassets */,
				4F95191A2B7BA0D8005ADB80 /* LaunchScreen.storyboard */,
				4F95191D2B7BA0D8005ADB80 /* Info.plist */,
				4F95191E2B7BA0D8005ADB80 /* main.mm */,
				4F9519362B7BA8AF005ADB80 /* image.png */,
			);
			path = BRLayer;
			sourceTree = "<group>";
		};
		4F9519252B7BA117005ADB80 /* Frameworks */ = {
			isa = PBXGroup;
			children = (
				4F95192C2B7BA121005ADB80 /* CoreImage.framework */,
				4F95192A2B7BA11E005ADB80 /* CoreGraphics.framework */,
				4F9519282B7BA11B005ADB80 /* QuartzCore.framework */,
				4F9519262B7BA117005ADB80 /* UIKit.framework */,
			);
			name = Frameworks;
			sourceTree = "<group>";
		};
/* End PBXGroup section */

/* Begin PBXNativeTarget section */
		4F9519082B7BA0D7005ADB80 /* BRLayer */ = {
			isa = PBXNativeTarget;
			buildConfigurationList = 4F9519222B7BA0D8005ADB80 /* Build configuration list for PBXNativeTarget "BRLayer" */;
			buildPhases = (
				4F9519052B7BA0D7005ADB80 /* Sources */,
				4F9519062B7BA0D7005ADB80 /* Frameworks */,
				4F9519072B7BA0D7005ADB80 /* Resources */,
			);
			buildRules = (
			);
			dependencies = (
			);
			name = BRLayer;
			productName = BRLayer;
			productReference = 4F9519092B7BA0D7005ADB80 /* BRLayer.app */;
			productType = "com.apple.product-type.application";
		};
/* End PBXNativeTarget section */

/* Begin PBXProject section */
		4F9519012B7BA0D7005ADB80 /* Project object */ = {
			isa = PBXProject;
			attributes = {
				BuildIndependentTargetsInParallel = 1;
				LastUpgradeCheck = 1530;
				TargetAttributes = {
					4F9519082B7BA0D7005ADB80 = {
						CreatedOnToolsVersion = 15.3;
					};
				};
			};
			buildConfigurationList = 4F9519042B7BA0D7005ADB80 /* Build configuration list for PBXProject "BRLayer" */;
			compatibilityVersion = "Xcode 14.0";
			developmentRegion = en;
			hasScannedForEncodings = 0;
			knownRegions = (
				en,
				Base,
			);
			mainGroup = 4F9519002B7BA0D7005ADB80;
			productRefGroup = 4F95190A2B7BA0D7005ADB80 /* Products */;
			projectDirPath = "";
			projectRoot = "";
			targets = (
				4F9519082B7BA0D7005ADB80 /* BRLayer */,
			);
		};
/* End PBXProject section */

/* Begin PBXResourcesBuildPhase section */
		4F9519072B7BA0D7005ADB80 /* Resources */ = {
			isa = PBXResourcesBuildPhase;
			buildActionMask = 2147483647;
			files = (
				4F9519192B7BA0D8005ADB80 /* Assets.xcassets in Resources */,
				4F95191C2B7BA0D8005ADB80 /* Base in Resources */,
				4F9519372B7BA8AF005ADB80 /* image.png in Resources */,
			);
			runOnlyForDeploymentPostprocessing = 0;
		};
/* End PBXResourcesBuildPhase section */

/* Begin PBXSourcesBuildPhase section */
		4F9519052B7BA0D7005ADB80 /* Sources */ = {
			isa = PBXSourcesBuildPhase;
			buildActionMask = 2147483647;
			files = (
				4F9519302B7BA235005ADB80 /* BPImageView.mm in Sources */,
				4F9519142B7BA0D7005ADB80 /* ViewController.mm in Sources */,
				4F95190E2B7BA0D7005ADB80 /* AppDelegate.mm in Sources */,
				4F95191F2B7BA0D8005ADB80 /* main.mm in Sources */,
				4F9519112B7BA0D7005ADB80 /* SceneDelegate.mm in Sources */,
				4F9519352B7BA3AF005ADB80 /* _BPImageViewLayerDelegate.mm in Sources */,
			);
			runOnlyForDeploymentPostprocessing = 0;
		};
/* End PBXSourcesBuildPhase section */

/* Begin PBXVariantGroup section */
		4F95191A2B7BA0D8005ADB80 /* LaunchScreen.storyboard */ = {
			isa = PBXVariantGroup;
			children = (
				4F95191B2B7BA0D8005ADB80 /* Base */,
			);
			name = LaunchScreen.storyboard;
			sourceTree = "<group>";
		};
/* End PBXVariantGroup section */

/* Begin XCBuildConfiguration section */
		4F9519202B7BA0D8005ADB80 /* Debug */ = {
			isa = XCBuildConfiguration;
			buildSettings = {
				ALWAYS_SEARCH_USER_PATHS = NO;
				ASSETCATALOG_COMPILER_GENERATE_SWIFT_ASSET_SYMBOL_EXTENSIONS = YES;
				CLANG_ANALYZER_NONNULL = YES;
				CLANG_ANALYZER_NUMBER_OBJECT_CONVERSION = YES_AGGRESSIVE;
				CLANG_CXX_LANGUAGE_STANDARD = "gnu++20";
				CLANG_ENABLE_MODULES = YES;
				CLANG_ENABLE_OBJC_ARC = NO;
				CLANG_ENABLE_OBJC_WEAK = YES;
				CLANG_WARN_BLOCK_CAPTURE_AUTORELEASING = YES;
				CLANG_WARN_BOOL_CONVERSION = YES;
				CLANG_WARN_COMMA = YES;
				CLANG_WARN_CONSTANT_CONVERSION = YES;
				CLANG_WARN_DEPRECATED_OBJC_IMPLEMENTATIONS = YES;
				CLANG_WARN_DIRECT_OBJC_ISA_USAGE = YES_ERROR;
				CLANG_WARN_DOCUMENTATION_COMMENTS = YES;
				CLANG_WARN_EMPTY_BODY = YES;
				CLANG_WARN_ENUM_CONVERSION = YES;
				CLANG_WARN_INFINITE_RECURSION = YES;
				CLANG_WARN_INT_CONVERSION = YES;
				CLANG_WARN_NON_LITERAL_NULL_CONVERSION = YES;
				CLANG_WARN_OBJC_IMPLICIT_RETAIN_SELF = YES;
				CLANG_WARN_OBJC_LITERAL_CONVERSION = YES;
				CLANG_WARN_OBJC_ROOT_CLASS = YES_ERROR;
				CLANG_WARN_QUOTED_INCLUDE_IN_FRAMEWORK_HEADER = YES;
				CLANG_WARN_RANGE_LOOP_ANALYSIS = YES;
				CLANG_WARN_STRICT_PROTOTYPES = YES;
				CLANG_WARN_SUSPICIOUS_MOVE = YES;
				CLANG_WARN_UNGUARDED_AVAILABILITY = YES_AGGRESSIVE;
				CLANG_WARN_UNREACHABLE_CODE = YES;
				CLANG_WARN__DUPLICATE_METHOD_MATCH = YES;
				COPY_PHASE_STRIP = NO;
				DEBUG_INFORMATION_FORMAT = dwarf;
				ENABLE_STRICT_OBJC_MSGSEND = YES;
				ENABLE_TESTABILITY = YES;
				ENABLE_USER_SCRIPT_SANDBOXING = YES;
				GCC_C_LANGUAGE_STANDARD = gnu17;
				GCC_DYNAMIC_NO_PIC = NO;
				GCC_NO_COMMON_BLOCKS = YES;
				GCC_OPTIMIZATION_LEVEL = 0;
				GCC_PREPROCESSOR_DEFINITIONS = (
					"DEBUG=1",
					"$(inherited)",
				);
				GCC_WARN_64_TO_32_BIT_CONVERSION = YES;
				GCC_WARN_ABOUT_RETURN_TYPE = YES_ERROR;
				GCC_WARN_UNDECLARED_SELECTOR = YES;
				GCC_WARN_UNINITIALIZED_AUTOS = YES_AGGRESSIVE;
				GCC_WARN_UNUSED_FUNCTION = YES;
				GCC_WARN_UNUSED_VARIABLE = YES;
				IPHONEOS_DEPLOYMENT_TARGET = 17.4;
				LOCALIZATION_PREFERS_STRING_CATALOGS = YES;
				MTL_ENABLE_DEBUG_INFO = INCLUDE_SOURCE;
				MTL_FAST_MATH = YES;
				ONLY_ACTIVE_ARCH = YES;
				SDKROOT = iphoneos;
			};
			name = Debug;
		};
		4F9519212B7BA0D8005ADB80 /* Release */ = {
			isa = XCBuildConfiguration;
			buildSettings = {
				ALWAYS_SEARCH_USER_PATHS = NO;
				ASSETCATALOG_COMPILER_GENERATE_SWIFT_ASSET_SYMBOL_EXTENSIONS = YES;
				CLANG_ANALYZER_NONNULL = YES;
				CLANG_ANALYZER_NUMBER_OBJECT_CONVERSION = YES_AGGRESSIVE;
				CLANG_CXX_LANGUAGE_STANDARD = "gnu++20";
				CLANG_ENABLE_MODULES = YES;
				CLANG_ENABLE_OBJC_ARC = NO;
				CLANG_ENABLE_OBJC_WEAK = YES;
				CLANG_WARN_BLOCK_CAPTURE_AUTORELEASING = YES;
				CLANG_WARN_BOOL_CONVERSION = YES;
				CLANG_WARN_COMMA = YES;
				CLANG_WARN_CONSTANT_CONVERSION = YES;
				CLANG_WARN_DEPRECATED_OBJC_IMPLEMENTATIONS = YES;
				CLANG_WARN_DIRECT_OBJC_ISA_USAGE = YES_ERROR;
				CLANG_WARN_DOCUMENTATION_COMMENTS = YES;
				CLANG_WARN_EMPTY_BODY = YES;
				CLANG_WARN_ENUM_CONVERSION = YES;
				CLANG_WARN_INFINITE_RECURSION = YES;
				CLANG_WARN_INT_CONVERSION = YES;
				CLANG_WARN_NON_LITERAL_NULL_CONVERSION = YES;
				CLANG_WARN_OBJC_IMPLICIT_RETAIN_SELF = YES;
				CLANG_WARN_OBJC_LITERAL_CONVERSION = YES;
				CLANG_WARN_OBJC_ROOT_CLASS = YES_ERROR;
				CLANG_WARN_QUOTED_INCLUDE_IN_FRAMEWORK_HEADER = YES;
				CLANG_WARN_RANGE_LOOP_ANALYSIS = YES;
				CLANG_WARN_STRICT_PROTOTYPES = YES;
				CLANG_WARN_SUSPICIOUS_MOVE = YES;
				CLANG_WARN_UNGUARDED_AVAILABILITY = YES_AGGRESSIVE;
				CLANG_WARN_UNREACHABLE_CODE = YES;
				CLANG_WARN__DUPLICATE_METHOD_MATCH = YES;
				COPY_PHASE_STRIP = NO;
				DEBUG_INFORMATION_FORMAT = "dwarf-with-dsym";
				ENABLE_NS_ASSERTIONS = NO;
				ENABLE_STRICT_OBJC_MSGSEND = YES;
				ENABLE_USER_SCRIPT_SANDBOXING = YES;
				GCC_C_LANGUAGE_STANDARD = gnu17;
				GCC_NO_COMMON_BLOCKS = YES;
				GCC_WARN_64_TO_32_BIT_CONVERSION = YES;
				GCC_WARN_ABOUT_RETURN_TYPE = YES_ERROR;
				GCC_WARN_UNDECLARED_SELECTOR = YES;
				GCC_WARN_UNINITIALIZED_AUTOS = YES_AGGRESSIVE;
				GCC_WARN_UNUSED_FUNCTION = YES;
				GCC_WARN_UNUSED_VARIABLE = YES;
				IPHONEOS_DEPLOYMENT_TARGET = 17.4;
				LOCALIZATION_PREFERS_STRING_CATALOGS = YES;
				MTL_ENABLE_DEBUG_INFO = NO;
				MTL_FAST_MATH = YES;
				SDKROOT = iphoneos;
				VALIDATE_PRODUCT = YES;
			};
			name = Release;
		};
		4F9519232B7BA0D8005ADB80 /* Debug */ = {
			isa = XCBuildConfiguration;
			buildSettings = {
				ASSETCATALOG_COMPILER_APPICON_NAME = AppIcon;
				ASSETCATALOG_COMPILER_GLOBAL_ACCENT_COLOR_NAME = AccentColor;
				CODE_SIGN_ENTITLEMENTS = BRLayer/BRLayer.entitlements;
				CODE_SIGN_STYLE = Automatic;
				CURRENT_PROJECT_VERSION = 1;
				DEVELOPMENT_TEAM = P53D29U9LJ;
				GENERATE_INFOPLIST_FILE = YES;
				INFOPLIST_FILE = BRLayer/Info.plist;
				INFOPLIST_KEY_UIApplicationSupportsIndirectInputEvents = YES;
				INFOPLIST_KEY_UILaunchStoryboardName = LaunchScreen;
				INFOPLIST_KEY_UISupportedInterfaceOrientations_iPad = "UIInterfaceOrientationPortrait UIInterfaceOrientationPortraitUpsideDown UIInterfaceOrientationLandscapeLeft UIInterfaceOrientationLandscapeRight";
				INFOPLIST_KEY_UISupportedInterfaceOrientations_iPhone = "UIInterfaceOrientationPortrait UIInterfaceOrientationLandscapeLeft UIInterfaceOrientationLandscapeRight";
				LD_RUNPATH_SEARCH_PATHS = (
					"$(inherited)",
					"@executable_path/Frameworks",
				);
				MARKETING_VERSION = 1.0;
				PRODUCT_BUNDLE_IDENTIFIER = com.pookjw.BRLayer;
				PRODUCT_NAME = "$(TARGET_NAME)";
				SUPPORTED_PLATFORMS = "iphoneos iphonesimulator";
				SUPPORTS_MACCATALYST = YES;
				SWIFT_EMIT_LOC_STRINGS = YES;
				TARGETED_DEVICE_FAMILY = "1,2";
			};
			name = Debug;
		};
		4F9519242B7BA0D8005ADB80 /* Release */ = {
			isa = XCBuildConfiguration;
			buildSettings = {
				ASSETCATALOG_COMPILER_APPICON_NAME = AppIcon;
				ASSETCATALOG_COMPILER_GLOBAL_ACCENT_COLOR_NAME = AccentColor;
				CODE_SIGN_ENTITLEMENTS = BRLayer/BRLayer.entitlements;
				CODE_SIGN_STYLE = Automatic;
				CURRENT_PROJECT_VERSION = 1;
				DEVELOPMENT_TEAM = P53D29U9LJ;
				GENERATE_INFOPLIST_FILE = YES;
				INFOPLIST_FILE = BRLayer/Info.plist;
				INFOPLIST_KEY_UIApplicationSupportsIndirectInputEvents = YES;
				INFOPLIST_KEY_UILaunchStoryboardName = LaunchScreen;
				INFOPLIST_KEY_UISupportedInterfaceOrientations_iPad = "UIInterfaceOrientationPortrait UIInterfaceOrientationPortraitUpsideDown UIInterfaceOrientationLandscapeLeft UIInterfaceOrientationLandscapeRight";
				INFOPLIST_KEY_UISupportedInterfaceOrientations_iPhone = "UIInterfaceOrientationPortrait UIInterfaceOrientationLandscapeLeft UIInterfaceOrientationLandscapeRight";
				LD_RUNPATH_SEARCH_PATHS = (
					"$(inherited)",
					"@executable_path/Frameworks",
				);
				MARKETING_VERSION = 1.0;
				PRODUCT_BUNDLE_IDENTIFIER = com.pookjw.BRLayer;
				PRODUCT_NAME = "$(TARGET_NAME)";
				SUPPORTED_PLATFORMS = "iphoneos iphonesimulator";
				SUPPORTS_MACCATALYST = YES;
				SWIFT_EMIT_LOC_STRINGS = YES;
				TARGETED_DEVICE_FAMILY = "1,2";
			};
			name = Release;
		};
/* End XCBuildConfiguration section */

/* Begin XCConfigurationList section */
		4F9519042B7BA0D7005ADB80 /* Build configuration list for PBXProject "BRLayer" */ = {
			isa = XCConfigurationList;
			buildConfigurations = (
				4F9519202B7BA0D8005ADB80 /* Debug */,
				4F9519212B7BA0D8005ADB80 /* Release */,
			);
			defaultConfigurationIsVisible = 0;
			defaultConfigurationName = Release;
		};
		4F9519222B7BA0D8005ADB80 /* Build configuration list for PBXNativeTarget "BRLayer" */ = {
			isa = XCConfigurationList;
			buildConfigurations = (
				4F9519232B7BA0D8005ADB80 /* Debug */,
				4F9519242B7BA0D8005ADB80 /* Release */,
			);
			defaultConfigurationIsVisible = 0;
			defaultConfigurationName = Release;
		};
/* End XCConfigurationList section */
	};
	rootObject = 4F9519012B7BA0D7005ADB80 /* Project object */;
}
